
Microsoft Visual Studio Solution File, Format Version 12.00
# Visual Studio Version 17
VisualStudioVersion = 17.7.34024.191
MinimumVisualStudioVersion = 10.0.40219.1
Project("{8BC9CEB8-8B4A-11D0-8D11-00A0C91BC942}") = "WindowsAPI", "WindowsAPI\WindowsAPI.vcxproj", "{23FCCC10-BFCF-45F8-9878-9D370B27E1C0}"
EndProject
Project("{8BC9CEB8-8B4A-11D0-8D11-00A0C91BC942}") = "5-1", "5-1\5-1.vcxproj", "{EC51D217-2011-4AE7-8BF0-48980A202C30}"
EndProject
Project("{8BC9CEB8-8B4A-11D0-8D11-00A0C91BC942}") = "5-2", "5-2\5-2.vcxproj", "{DF972BAF-8982-4084-8FE8-2399747D19B6}"
EndProject
Global
	GlobalSection(SolutionConfigurationPlatforms) = preSolution
		Debug|x64 = Debug|x64
		Debug|x86 = Debug|x86
		Release|x64 = Release|x64
		Release|x86 = Release|x86
	EndGlobalSection
	GlobalSection(ProjectConfigurationPlatforms) = postSolution
		{23FCCC10-BFCF-45F8-9878-9D370B27E1C0}.Debug|x64.ActiveCfg = Debug|x64
		{23FCCC10-BFCF-45F8-9878-9D370B27E1C0}.Debug|x64.Build.0 = Debug|x64
		{23FCCC10-BFCF-45F8-9878-9D370B27E1C0}.Debug|x86.ActiveCfg = Debug|Win32
		{23FCCC10-BFCF-45F8-9878-9D370B27E1C0}.Debug|x86.Build.0 = Debug|Win32
		{23FCCC10-BFCF-45F8-9878-9D370B27E1C0}.Release|x64.ActiveCfg = Release|x64
		{23FCCC10-BFCF-45F8-9878-9D370B27E1C0}.Release|x64.Build.0 = Release|x64
		{23FCCC10-BFCF-45F8-9878-9D370B27E1C0}.Release|x86.ActiveCfg = Release|Win32
		{23FCCC10-BFCF-45F8-9878-9D370B27E1C0}.Release|x86.Build.0 = Release|Win32
		{EC51D217-2011-4AE7-8BF0-48980A202C30}.Debug|x64.ActiveCfg = Debug|x64
		{EC51D217-2011-4AE7-8BF0-48980A202C30}.Debug|x64.Build.0 = Debug|x64
		{EC51D217-2011-4AE7-8BF0-48980A202C30}.Debug|x86.ActiveCfg = Debug|Win32
		{EC51D217-2011-4AE7-8BF0-48980A202C30}.Debug|x86.Build.0 = Debug|Win32
		{EC51D217-2011-4AE7-8BF0-48980A202C30}.Release|x64.ActiveCfg = Release|x64
		{EC51D217-2011-4AE7-8BF0-48980A202C30}.Release|x64.Build.0 = Release|x64
		{EC51D217-2011-4AE7-8BF0-48980A202C30}.Release|x86.ActiveCfg = Release|Win32
		{EC51D217-2011-4AE7-8BF0-48980A202C30}.Release|x86.Build.0 = Release|Win32
		{DF972BAF-8982-4084-8FE8-2399747D19B6}.Debug|x64.ActiveCfg = Debug|x64
		{DF972BAF-8982-4084-8FE8-2399747D19B6}.Debug|x64.Build.0 = Debug|x64
		{DF972BAF-8982-4084-8FE8-2399747D19B6}.Debug|x86.ActiveCfg = Debug|Win32
		{DF972BAF-8982-4084-8FE8-2399747D19B6}.Debug|x86.Build.0 = Debug|Win32
		{DF972BAF-8982-4084-8FE8-2399747D19B6}.Release|x64.ActiveCfg = Release|x64
		{DF972BAF-8982-4084-8FE8-2399747D19B6}.Release|x64.Build.0 = Release|x64
		{DF972BAF-8982-4084-8FE8-2399747D19B6}.Release|x86.ActiveCfg = Release|Win32
		{DF972BAF-8982-4084-8FE8-2399747D19B6}.Release|x86.Build.0 = Release|Win32
	EndGlobalSection
	GlobalSection(SolutionProperties) = preSolution
		HideSolutionNode = FALSE
	EndGlobalSection
	GlobalSection(ExtensibilityGlobals) = postSolution
		SolutionGuid = {34CE8F37-36C9-4386-9D6D-F8023207A257}
	EndGlobalSection
EndGlobal
